# This file is machine-generated by `gh actions-lock`.
# Do not edit by hand; run `gh actions-lock` to update.
# Docs: https://gh.io/actions-lockfile
version: 'v0.0.2'
workflows:
    '.github/workflows/build.yml':
        - 'actions/checkout@v4.4.0'
        - 'actions/setup-java@v4.9.1'
    '.github/workflows/publish.yml':
        - 'actions/checkout@v4.4.0'
        - 'actions/setup-java@v4.9.1'
dependencies:
    'actions/checkout@v4.4.0':
        ref: 'v4.4.0'
        commit: 'sha1-11d5960a326750d5838078e36cf38b85af677262'
        owner_id: 44036562
        repo_id: 197814629
    'actions/setup-java@v4.9.1':
        ref: 'v4.9.1'
        commit: 'sha1-cf277c60eb25467037889841efdb72551f06f6c3'
        owner_id: 44036562
        repo_id: 196057608
